
Microsoft Visual Studio Solution File, Format Version 12.00
# Visual Studio Version 17
VisualStudioVersion = 17.14.36705.20 d17.14
MinimumVisualStudioVersion = 10.0.40219.1
Project("{FAE04EC0-301F-11D3-BF4B-00C04F79EFBC}") = "FlatCacheGenerator", "FlatCacheGenerator.csproj", "{69623209-6C29-4EF6-9A80-547522DA78A7}"
EndProject
Global
	GlobalSection(SolutionConfigurationPlatforms) = preSolution
		Debug|Any CPU = Debug|Any CPU
		Release|Any CPU = Release|Any CPU
	EndGlobalSection
	GlobalSection(ProjectConfigurationPlatforms) = postSolution
		{69623209-6C29-4EF6-9A80-547522DA78A7}.Debug|Any CPU.ActiveCfg = Debug|Any CPU
		{69623209-6C29-4EF6-9A80-547522DA78A7}.Debug|Any CPU.Build.0 = Debug|Any CPU
		{69623209-6C29-4EF6-9A80-547522DA78A7}.Release|Any CPU.ActiveCfg = Release|Any CPU
		{69623209-6C29-4EF6-9A80-547522DA78A7}.Release|Any CPU.Build.0 = Release|Any CPU
	EndGlobalSection
	GlobalSection(SolutionProperties) = preSolution
		HideSolutionNode = FALSE
	EndGlobalSection
	GlobalSection(ExtensibilityGlobals) = postSolution
		SolutionGuid = {FB2CA7C4-F746-4011-AEC8-8AD6B799FF61}
	EndGlobalSection
EndGlobal
